{
  "lockfileVersion": 1,
  "workspaces": {
    "": {
      "name": "twitter-proxy",
      "dependencies": {
        "borsh": "^2.0.0",
        "borsher": "^3.6.0",
      },
    },
  },
  "packages": {
    "base64-js": ["base64-js@1.5.1", "", {}, "sha512-AKpaYlHn8t4SVbOHCy+b5+KKgvR4vrsD8vbvrbiQJps7fKDTkjkDry6ji0rUJjC0kzbNePLwzxq8iypo41qeWA=="],

    "borsh": ["borsh@2.0.0", "", {}, "sha512-kc9+BgR3zz9+cjbwM8ODoUB4fs3X3I5A/HtX7LZKxCLaMrEeDFoBpnhZY//DTS1VZBSs6S5v46RZRbZjRFspEg=="],

    "borsher": ["borsher@3.6.0", "", { "dependencies": { "borsh": "^2.0.0", "buffer": "^6.0.3" } }, "sha512-FMMQST0PdrhernqtxHGvq9wIgV6rJkJecfVs7VhL5jYCFFLsXGMn/VtY0s5zotkKHrrdS5Np/DoL2FTR4cdoqw=="],

    "buffer": ["buffer@6.0.3", "", { "dependencies": { "base64-js": "^1.3.1", "ieee754": "^1.2.1" } }, "sha512-FTiCpNxtwiZZHEZbcbTIcZjERVICn9yq/pDFkTl95/AxzD1naBctN7YO68riM/gLSDY7sdrMby8hofADYuuqOA=="],

    "ieee754": ["ieee754@1.2.1", "", {}, "sha512-dcyqhDvX1C46lXZcVqCpK+FtMRQVdIMN6/Df5js2zouUsqG7I6sFxitIC+7KYK29KdXOLHdu9zL4sFnoVQnqaA=="],
  }
}
